# This file is automatically @generated by Cargo.
# It is not intended for manual editing.
version = 3

[[package]]
name = "create_GPT"
version = "0.1.0"
dependencies = [
 "simple-bytes",
]

[[package]]
name = "simple-bytes"
version = "0.2.14"
source = "registry+https://github.com/rust-lang/crates.io-index"
checksum = "c11532d9d241904f095185f35dcdaf930b1427a94d5b01d7002d74ba19b44cc4"
